
Microsoft Visual Studio Solution File, Format Version 12.00
# Visual Studio Version 17
VisualStudioVersion = 17.9.34701.34
MinimumVisualStudioVersion = 10.0.40219.1
Project("{FAE04EC0-301F-11D3-BF4B-00C04F79EFBC}") = "Lab9 - ASP.NET", "Lab9 - ASP.NET\Lab9 - ASP.NET.csproj", "{0EAB9E3E-9BB9-4DD1-BDBC-A584EB2930DD}"
EndProject
Global
	GlobalSection(SolutionConfigurationPlatforms) = preSolution
		Debug|Any CPU = Debug|Any CPU
		Release|Any CPU = Release|Any CPU
	EndGlobalSection
	GlobalSection(ProjectConfigurationPlatforms) = postSolution
		{0EAB9E3E-9BB9-4DD1-BDBC-A584EB2930DD}.Debug|Any CPU.ActiveCfg = Debug|Any CPU
		{0EAB9E3E-9BB9-4DD1-BDBC-A584EB2930DD}.Debug|Any CPU.Build.0 = Debug|Any CPU
		{0EAB9E3E-9BB9-4DD1-BDBC-A584EB2930DD}.Release|Any CPU.ActiveCfg = Release|Any CPU
		{0EAB9E3E-9BB9-4DD1-BDBC-A584EB2930DD}.Release|Any CPU.Build.0 = Release|Any CPU
	EndGlobalSection
	GlobalSection(SolutionProperties) = preSolution
		HideSolutionNode = FALSE
	EndGlobalSection
	GlobalSection(ExtensibilityGlobals) = postSolution
		SolutionGuid = {D1EAB5BB-5CBD-4108-9F0F-7D6D5C4FEB2D}
	EndGlobalSection
EndGlobal
