
Microsoft Visual Studio Solution File, Format Version 12.00
# Visual Studio Version 17
VisualStudioVersion = 17.9.34701.34
MinimumVisualStudioVersion = 10.0.40219.1
Project("{FAE04EC0-301F-11D3-BF4B-00C04F79EFBC}") = "Lab1", "Lab1\Lab1.csproj", "{C92943C2-5AE9-4E98-87AD-5B3424EDDFCC}"
EndProject
Global
	GlobalSection(SolutionConfigurationPlatforms) = preSolution
		Debug|Any CPU = Debug|Any CPU
		Release|Any CPU = Release|Any CPU
	EndGlobalSection
	GlobalSection(ProjectConfigurationPlatforms) = postSolution
		{C92943C2-5AE9-4E98-87AD-5B3424EDDFCC}.Debug|Any CPU.ActiveCfg = Debug|Any CPU
		{C92943C2-5AE9-4E98-87AD-5B3424EDDFCC}.Debug|Any CPU.Build.0 = Debug|Any CPU
		{C92943C2-5AE9-4E98-87AD-5B3424EDDFCC}.Release|Any CPU.ActiveCfg = Release|Any CPU
		{C92943C2-5AE9-4E98-87AD-5B3424EDDFCC}.Release|Any CPU.Build.0 = Release|Any CPU
	EndGlobalSection
	GlobalSection(SolutionProperties) = preSolution
		HideSolutionNode = FALSE
	EndGlobalSection
	GlobalSection(ExtensibilityGlobals) = postSolution
		SolutionGuid = {EF8743A5-71D5-4680-92D7-888615149564}
	EndGlobalSection
EndGlobal
